
Microsoft Visual Studio Solution File, Format Version 12.00
# Visual Studio Version 17
VisualStudioVersion = 17.0.31912.275
MinimumVisualStudioVersion = 10.0.40219.1
Project("{2150E333-8FDC-42A3-9474-1A3956D46DE8}") = "SolutionItems", "SolutionItems", "{A104CFD7-8F2E-45FB-89D8-02BC0D6B5DCD}"
	ProjectSection(SolutionItems) = preProject
		CODEOWNERS = CODEOWNERS
		LICENSE = LICENSE
		README.md = README.md
	EndProjectSection
EndProject
Project("{9A19103F-16F7-4668-BE54-9A1E7A4F7556}") = "Velentr.Miscellaneous", "Velentr.Miscellaneous\Velentr.Miscellaneous.csproj", "{2E037D5B-56ED-4C97-A644-70D6A72274A4}"
EndProject
Project("{9A19103F-16F7-4668-BE54-9A1E7A4F7556}") = "Velentr.Miscellaneous.Dev", "Velentr.Miscellaneous.Dev\Velentr.Miscellaneous.Dev.csproj", "{1BA44627-5A55-4173-BF14-4D12DBD97324}"
EndProject
Project("{9A19103F-16F7-4668-BE54-9A1E7A4F7556}") = "Velentr.Miscellaneous.Test", "Velentr.Miscellaneous.Test\Velentr.Miscellaneous.Test.csproj", "{0A2D9129-104B-47D1-A64A-C3A0A8DF5501}"
EndProject
Global
	GlobalSection(SolutionConfigurationPlatforms) = preSolution
		Debug|Any CPU = Debug|Any CPU
		Release|Any CPU = Release|Any CPU
	EndGlobalSection
	GlobalSection(ProjectConfigurationPlatforms) = postSolution
		{2E037D5B-56ED-4C97-A644-70D6A72274A4}.Debug|Any CPU.ActiveCfg = Debug|Any CPU
		{2E037D5B-56ED-4C97-A644-70D6A72274A4}.Debug|Any CPU.Build.0 = Debug|Any CPU
		{2E037D5B-56ED-4C97-A644-70D6A72274A4}.Release|Any CPU.ActiveCfg = Release|Any CPU
		{2E037D5B-56ED-4C97-A644-70D6A72274A4}.Release|Any CPU.Build.0 = Release|Any CPU
		{1BA44627-5A55-4173-BF14-4D12DBD97324}.Debug|Any CPU.ActiveCfg = Debug|Any CPU
		{1BA44627-5A55-4173-BF14-4D12DBD97324}.Debug|Any CPU.Build.0 = Debug|Any CPU
		{1BA44627-5A55-4173-BF14-4D12DBD97324}.Release|Any CPU.ActiveCfg = Release|Any CPU
		{1BA44627-5A55-4173-BF14-4D12DBD97324}.Release|Any CPU.Build.0 = Release|Any CPU
		{0A2D9129-104B-47D1-A64A-C3A0A8DF5501}.Debug|Any CPU.ActiveCfg = Debug|Any CPU
		{0A2D9129-104B-47D1-A64A-C3A0A8DF5501}.Debug|Any CPU.Build.0 = Debug|Any CPU
		{0A2D9129-104B-47D1-A64A-C3A0A8DF5501}.Release|Any CPU.ActiveCfg = Release|Any CPU
		{0A2D9129-104B-47D1-A64A-C3A0A8DF5501}.Release|Any CPU.Build.0 = Release|Any CPU
	EndGlobalSection
	GlobalSection(SolutionProperties) = preSolution
		HideSolutionNode = FALSE
	EndGlobalSection
	GlobalSection(ExtensibilityGlobals) = postSolution
		SolutionGuid = {5EF08031-0858-4824-88B8-11B63A46B77C}
	EndGlobalSection
EndGlobal
